
Microsoft Visual Studio Solution File, Format Version 11.00
# Visual Studio 2010
Project("{FAE04EC0-301F-11D3-BF4B-00C04F79EFBC}") = "unityWebRTCiOSandWindows", "Assembly-CSharp-firstpass.csproj", "{3A0C3D40-024C-74EE-B73E-61348776958B}"
EndProject
Project("{FAE04EC0-301F-11D3-BF4B-00C04F79EFBC}") = "unityWebRTCiOSandWindows", "Assembly-CSharp.csproj", "{06BBBDB1-3FDD-C9AE-E2F8-B995462D745E}"
EndProject
Project("{FAE04EC0-301F-11D3-BF4B-00C04F79EFBC}") = "unityWebRTCiOSandWindows", "Assembly-CSharp-Editor.csproj", "{5BC056B7-FE1B-BEBC-EC9E-5B9B6DD73D39}"
EndProject
Global
	GlobalSection(SolutionConfigurationPlatforms) = preSolution
		Debug|Any CPU = Debug|Any CPU
		Release|Any CPU = Release|Any CPU
	EndGlobalSection
	GlobalSection(ProjectConfigurationPlatforms) = postSolution
		{3A0C3D40-024C-74EE-B73E-61348776958B}.Debug|Any CPU.ActiveCfg = Debug|Any CPU
		{3A0C3D40-024C-74EE-B73E-61348776958B}.Debug|Any CPU.Build.0 = Debug|Any CPU
		{3A0C3D40-024C-74EE-B73E-61348776958B}.Release|Any CPU.ActiveCfg = Release|Any CPU
		{3A0C3D40-024C-74EE-B73E-61348776958B}.Release|Any CPU.Build.0 = Release|Any CPU
		{06BBBDB1-3FDD-C9AE-E2F8-B995462D745E}.Debug|Any CPU.ActiveCfg = Debug|Any CPU
		{06BBBDB1-3FDD-C9AE-E2F8-B995462D745E}.Debug|Any CPU.Build.0 = Debug|Any CPU
		{06BBBDB1-3FDD-C9AE-E2F8-B995462D745E}.Release|Any CPU.ActiveCfg = Release|Any CPU
		{06BBBDB1-3FDD-C9AE-E2F8-B995462D745E}.Release|Any CPU.Build.0 = Release|Any CPU
		{5BC056B7-FE1B-BEBC-EC9E-5B9B6DD73D39}.Debug|Any CPU.ActiveCfg = Debug|Any CPU
		{5BC056B7-FE1B-BEBC-EC9E-5B9B6DD73D39}.Debug|Any CPU.Build.0 = Debug|Any CPU
		{5BC056B7-FE1B-BEBC-EC9E-5B9B6DD73D39}.Release|Any CPU.ActiveCfg = Release|Any CPU
		{5BC056B7-FE1B-BEBC-EC9E-5B9B6DD73D39}.Release|Any CPU.Build.0 = Release|Any CPU
	EndGlobalSection
	GlobalSection(SolutionProperties) = preSolution
		HideSolutionNode = FALSE
	EndGlobalSection
	GlobalSection(MonoDevelopProperties) = preSolution
		StartupItem = Assembly-CSharp.csproj
	EndGlobalSection
EndGlobal
